
Microsoft Visual Studio Solution File, Format Version 12.00
# Visual Studio 15
VisualStudioVersion = 15.0.26124.0
MinimumVisualStudioVersion = 15.0.26124.0
Project("{FAE04EC0-301F-11D3-BF4B-00C04F79EFBC}") = "ClassLibrary", "ClassLibrary\ClassLibrary.csproj", "{F1C79548-D8EB-4913-B935-C5FD93F35661}"
EndProject
Project("{FAE04EC0-301F-11D3-BF4B-00C04F79EFBC}") = "Tests", "Tests\Tests.csproj", "{1D063FC9-CC62-4A6B-A78A-E4E44ACAFA9C}"
EndProject
Project("{FAE04EC0-301F-11D3-BF4B-00C04F79EFBC}") = "ConsoleApp", "ConsoleApp\ConsoleApp.csproj", "{4CB073DC-EE99-4EBD-B27D-5D0F4317AEDB}"
EndProject
Global
	GlobalSection(SolutionConfigurationPlatforms) = preSolution
		Debug|Any CPU = Debug|Any CPU
		Debug|x64 = Debug|x64
		Debug|x86 = Debug|x86
		Release|Any CPU = Release|Any CPU
		Release|x64 = Release|x64
		Release|x86 = Release|x86
	EndGlobalSection
	GlobalSection(SolutionProperties) = preSolution
		HideSolutionNode = FALSE
	EndGlobalSection
	GlobalSection(ProjectConfigurationPlatforms) = postSolution
		{F1C79548-D8EB-4913-B935-C5FD93F35661}.Debug|Any CPU.ActiveCfg = Debug|Any CPU
		{F1C79548-D8EB-4913-B935-C5FD93F35661}.Debug|Any CPU.Build.0 = Debug|Any CPU
		{F1C79548-D8EB-4913-B935-C5FD93F35661}.Debug|x64.ActiveCfg = Debug|Any CPU
		{F1C79548-D8EB-4913-B935-C5FD93F35661}.Debug|x64.Build.0 = Debug|Any CPU
		{F1C79548-D8EB-4913-B935-C5FD93F35661}.Debug|x86.ActiveCfg = Debug|Any CPU
		{F1C79548-D8EB-4913-B935-C5FD93F35661}.Debug|x86.Build.0 = Debug|Any CPU
		{F1C79548-D8EB-4913-B935-C5FD93F35661}.Release|Any CPU.ActiveCfg = Release|Any CPU
		{F1C79548-D8EB-4913-B935-C5FD93F35661}.Release|Any CPU.Build.0 = Release|Any CPU
		{F1C79548-D8EB-4913-B935-C5FD93F35661}.Release|x64.ActiveCfg = Release|Any CPU
		{F1C79548-D8EB-4913-B935-C5FD93F35661}.Release|x64.Build.0 = Release|Any CPU
		{F1C79548-D8EB-4913-B935-C5FD93F35661}.Release|x86.ActiveCfg = Release|Any CPU
		{F1C79548-D8EB-4913-B935-C5FD93F35661}.Release|x86.Build.0 = Release|Any CPU
		{1D063FC9-CC62-4A6B-A78A-E4E44ACAFA9C}.Debug|Any CPU.ActiveCfg = Debug|Any CPU
		{1D063FC9-CC62-4A6B-A78A-E4E44ACAFA9C}.Debug|Any CPU.Build.0 = Debug|Any CPU
		{1D063FC9-CC62-4A6B-A78A-E4E44ACAFA9C}.Debug|x64.ActiveCfg = Debug|Any CPU
		{1D063FC9-CC62-4A6B-A78A-E4E44ACAFA9C}.Debug|x64.Build.0 = Debug|Any CPU
		{1D063FC9-CC62-4A6B-A78A-E4E44ACAFA9C}.Debug|x86.ActiveCfg = Debug|Any CPU
		{1D063FC9-CC62-4A6B-A78A-E4E44ACAFA9C}.Debug|x86.Build.0 = Debug|Any CPU
		{1D063FC9-CC62-4A6B-A78A-E4E44ACAFA9C}.Release|Any CPU.ActiveCfg = Release|Any CPU
		{1D063FC9-CC62-4A6B-A78A-E4E44ACAFA9C}.Release|Any CPU.Build.0 = Release|Any CPU
		{1D063FC9-CC62-4A6B-A78A-E4E44ACAFA9C}.Release|x64.ActiveCfg = Release|Any CPU
		{1D063FC9-CC62-4A6B-A78A-E4E44ACAFA9C}.Release|x64.Build.0 = Release|Any CPU
		{1D063FC9-CC62-4A6B-A78A-E4E44ACAFA9C}.Release|x86.ActiveCfg = Release|Any CPU
		{1D063FC9-CC62-4A6B-A78A-E4E44ACAFA9C}.Release|x86.Build.0 = Release|Any CPU
		{4CB073DC-EE99-4EBD-B27D-5D0F4317AEDB}.Debug|Any CPU.ActiveCfg = Debug|Any CPU
		{4CB073DC-EE99-4EBD-B27D-5D0F4317AEDB}.Debug|Any CPU.Build.0 = Debug|Any CPU
		{4CB073DC-EE99-4EBD-B27D-5D0F4317AEDB}.Debug|x64.ActiveCfg = Debug|Any CPU
		{4CB073DC-EE99-4EBD-B27D-5D0F4317AEDB}.Debug|x64.Build.0 = Debug|Any CPU
		{4CB073DC-EE99-4EBD-B27D-5D0F4317AEDB}.Debug|x86.ActiveCfg = Debug|Any CPU
		{4CB073DC-EE99-4EBD-B27D-5D0F4317AEDB}.Debug|x86.Build.0 = Debug|Any CPU
		{4CB073DC-EE99-4EBD-B27D-5D0F4317AEDB}.Release|Any CPU.ActiveCfg = Release|Any CPU
		{4CB073DC-EE99-4EBD-B27D-5D0F4317AEDB}.Release|Any CPU.Build.0 = Release|Any CPU
		{4CB073DC-EE99-4EBD-B27D-5D0F4317AEDB}.Release|x64.ActiveCfg = Release|Any CPU
		{4CB073DC-EE99-4EBD-B27D-5D0F4317AEDB}.Release|x64.Build.0 = Release|Any CPU
		{4CB073DC-EE99-4EBD-B27D-5D0F4317AEDB}.Release|x86.ActiveCfg = Release|Any CPU
		{4CB073DC-EE99-4EBD-B27D-5D0F4317AEDB}.Release|x86.Build.0 = Release|Any CPU
	EndGlobalSection
EndGlobal
